
Microsoft Visual Studio Solution File, Format Version 12.00
# Visual Studio Version 17
VisualStudioVersion = 17.10.34928.147
MinimumVisualStudioVersion = 10.0.40219.1
Project("{9A19103F-16F7-4668-BE54-9A1E7A4F7556}") = "CoffeShop.Api", "CoffeShop\CoffeShop.Api.csproj", "{7BD86684-32B7-489A-9772-8B3CDF29D17C}"
EndProject
Project("{9A19103F-16F7-4668-BE54-9A1E7A4F7556}") = "CoffeShop.Domain", "CoffeShop.Domain\CoffeShop.Domain.csproj", "{004EC1F9-03C4-42CC-BBE9-E7ABB04C7465}"
EndProject
Project("{9A19103F-16F7-4668-BE54-9A1E7A4F7556}") = "CoffeShop.Infrastructure", "CoffeShop.Infrastructure\CoffeShop.Infrastructure.csproj", "{F6B23082-F179-419B-B6AF-902DA1F9C2E9}"
EndProject
Project("{9A19103F-16F7-4668-BE54-9A1E7A4F7556}") = "CoffeShop.UnitTests", "CoffeeShop.UnitTests\CoffeShop.UnitTests.csproj", "{3A776D5E-B240-4DF4-ABA6-9ED3809F235B}"
EndProject
Global
	GlobalSection(SolutionConfigurationPlatforms) = preSolution
		Debug|Any CPU = Debug|Any CPU
		Release|Any CPU = Release|Any CPU
	EndGlobalSection
	GlobalSection(ProjectConfigurationPlatforms) = postSolution
		{7BD86684-32B7-489A-9772-8B3CDF29D17C}.Debug|Any CPU.ActiveCfg = Debug|Any CPU
		{7BD86684-32B7-489A-9772-8B3CDF29D17C}.Debug|Any CPU.Build.0 = Debug|Any CPU
		{7BD86684-32B7-489A-9772-8B3CDF29D17C}.Release|Any CPU.ActiveCfg = Release|Any CPU
		{7BD86684-32B7-489A-9772-8B3CDF29D17C}.Release|Any CPU.Build.0 = Release|Any CPU
		{004EC1F9-03C4-42CC-BBE9-E7ABB04C7465}.Debug|Any CPU.ActiveCfg = Debug|Any CPU
		{004EC1F9-03C4-42CC-BBE9-E7ABB04C7465}.Debug|Any CPU.Build.0 = Debug|Any CPU
		{004EC1F9-03C4-42CC-BBE9-E7ABB04C7465}.Release|Any CPU.ActiveCfg = Release|Any CPU
		{004EC1F9-03C4-42CC-BBE9-E7ABB04C7465}.Release|Any CPU.Build.0 = Release|Any CPU
		{F6B23082-F179-419B-B6AF-902DA1F9C2E9}.Debug|Any CPU.ActiveCfg = Debug|Any CPU
		{F6B23082-F179-419B-B6AF-902DA1F9C2E9}.Debug|Any CPU.Build.0 = Debug|Any CPU
		{F6B23082-F179-419B-B6AF-902DA1F9C2E9}.Release|Any CPU.ActiveCfg = Release|Any CPU
		{F6B23082-F179-419B-B6AF-902DA1F9C2E9}.Release|Any CPU.Build.0 = Release|Any CPU
		{3A776D5E-B240-4DF4-ABA6-9ED3809F235B}.Debug|Any CPU.ActiveCfg = Debug|Any CPU
		{3A776D5E-B240-4DF4-ABA6-9ED3809F235B}.Debug|Any CPU.Build.0 = Debug|Any CPU
		{3A776D5E-B240-4DF4-ABA6-9ED3809F235B}.Release|Any CPU.ActiveCfg = Release|Any CPU
		{3A776D5E-B240-4DF4-ABA6-9ED3809F235B}.Release|Any CPU.Build.0 = Release|Any CPU
	EndGlobalSection
	GlobalSection(SolutionProperties) = preSolution
		HideSolutionNode = FALSE
	EndGlobalSection
	GlobalSection(ExtensibilityGlobals) = postSolution
		SolutionGuid = {99492350-BC7E-419B-8C0A-DD0B84BE4616}
	EndGlobalSection
EndGlobal
